// !$*UTF8*$!
{
	archiveVersion = 1;
	classes = {
	};
	objectVersion = 46;
	objects = {

/* Begin PBXBuildFile section */
		970491A31E8395F90032355B /* AppDelegate.swift in Sources */ = {isa = PBXBuildFile; fileRef = 970491A21E8395F90032355B /* AppDelegate.swift */; };
		970491A51E8395F90032355B /* ViewController.swift in Sources */ = {isa = PBXBuildFile; fileRef = 970491A41E8395F90032355B /* ViewController.swift */; };
		970491A81E8395F90032355B /* Main.storyboard in Resources */ = {isa = PBXBuildFile; fileRef = 970491A61E8395F90032355B /* Main.storyboard */; };
		970491AA1E8395F90032355B /* Assets.xcassets in Resources */ = {isa = PBXBuildFile; fileRef = 970491A91E8395F90032355B /* Assets.xcassets */; };
		970491AD1E8395F90032355B /* LaunchScreen.storyboard in Resources */ = {isa = PBXBuildFile; fileRef = 970491AB1E8395F90032355B /* LaunchScreen.storyboard */; };
		970491CF1E8396800032355B /* ZZButton.swift in Sources */ = {isa = PBXBuildFile; fileRef = 970491B61E8396800032355B /* ZZButton.swift */; };
		970491D01E8396800032355B /* Calendar+ZZExtension.swift in Sources */ = {isa = PBXBuildFile; fileRef = 970491B91E8396800032355B /* Calendar+ZZExtension.swift */; };
		970491D11E8396800032355B /* CGRect+ZZExtension.swift in Sources */ = {isa = PBXBuildFile; fileRef = 970491BA1E8396800032355B /* CGRect+ZZExtension.swift */; };
		970491D21E8396800032355B /* Data+ZZExtension.swift in Sources */ = {isa = PBXBuildFile; fileRef = 970491BB1E8396800032355B /* Data+ZZExtension.swift */; };
		970491D31E8396800032355B /* Date+ZZExtension.swift in Sources */ = {isa = PBXBuildFile; fileRef = 970491BC1E8396800032355B /* Date+ZZExtension.swift */; };
		970491D41E8396800032355B /* DateFormatter+ZZExtension.swift in Sources */ = {isa = PBXBuildFile; fileRef = 970491BD1E8396800032355B /* DateFormatter+ZZExtension.swift */; };
		970491D51E8396800032355B /* DispatchQueue+ZZExtension.swift in Sources */ = {isa = PBXBuildFile; fileRef = 970491BE1E8396800032355B /* DispatchQueue+ZZExtension.swift */; };
		970491D61E8396800032355B /* Locale+ZZExtension.swift in Sources */ = {isa = PBXBuildFile; fileRef = 970491BF1E8396800032355B /* Locale+ZZExtension.swift */; };
		970491D71E8396800032355B /* NSObject+ZZExtension.swift in Sources */ = {isa = PBXBuildFile; fileRef = 970491C01E8396800032355B /* NSObject+ZZExtension.swift */; };
		970491D81E8396800032355B /* String+ZZExtension.swift in Sources */ = {isa = PBXBuildFile; fileRef = 970491C11E8396800032355B /* String+ZZExtension.swift */; };
		970491D91E8396800032355B /* UIAlertController+ZZExtension.swift in Sources */ = {isa = PBXBuildFile; fileRef = 970491C31E8396800032355B /* UIAlertController+ZZExtension.swift */; };
		970491DA1E8396800032355B /* UIApplication+ZZExtension.swift in Sources */ = {isa = PBXBuildFile; fileRef = 970491C41E8396800032355B /* UIApplication+ZZExtension.swift */; };
		970491DB1E8396800032355B /* UIButton+ZZExtension.swift in Sources */ = {isa = PBXBuildFile; fileRef = 970491C51E8396800032355B /* UIButton+ZZExtension.swift */; };
		970491DC1E8396800032355B /* UIColor+ZZExtension.swift in Sources */ = {isa = PBXBuildFile; fileRef = 970491C61E8396800032355B /* UIColor+ZZExtension.swift */; };
		970491DD1E8396800032355B /* UIDevice+ZZExtension.swift in Sources */ = {isa = PBXBuildFile; fileRef = 970491C71E8396800032355B /* UIDevice+ZZExtension.swift */; };
		970491DE1E8396800032355B /* UIImage+ZZExtension.swift in Sources */ = {isa = PBXBuildFile; fileRef = 970491C81E8396800032355B /* UIImage+ZZExtension.swift */; };
		970491DF1E8396800032355B /* UIImageView+ZZExtension.swift in Sources */ = {isa = PBXBuildFile; fileRef = 970491C91E8396800032355B /* UIImageView+ZZExtension.swift */; };
		970491E01E8396800032355B /* UILabel+ZZExtension.swift in Sources */ = {isa = PBXBuildFile; fileRef = 970491CA1E8396800032355B /* UILabel+ZZExtension.swift */; };
		970491E11E8396800032355B /* UISceen+ZZExtension.swift in Sources */ = {isa = PBXBuildFile; fileRef = 970491CB1E8396800032355B /* UISceen+ZZExtension.swift */; };
		970491E21E8396800032355B /* UIScrollView+ZZExtension.swift in Sources */ = {isa = PBXBuildFile; fileRef = 970491CC1E8396800032355B /* UIScrollView+ZZExtension.swift */; };
		970491E31E8396800032355B /* UITextField+ZZExtension.swift in Sources */ = {isa = PBXBuildFile; fileRef = 970491CD1E8396800032355B /* UITextField+ZZExtension.swift */; };
		970491E41E8396800032355B /* UIView+ZZExtension.swift in Sources */ = {isa = PBXBuildFile; fileRef = 970491CE1E8396800032355B /* UIView+ZZExtension.swift */; };
		970491F61E83AA620032355B /* ZZPlayer.bundle in Resources */ = {isa = PBXBuildFile; fileRef = 970491F51E83AA620032355B /* ZZPlayer.bundle */; };
		970491F81E83AC7E0032355B /* ZZPlayer.swift in Sources */ = {isa = PBXBuildFile; fileRef = 970491F71E83AC7E0032355B /* ZZPlayer.swift */; };
		970491FA1E83AC940032355B /* ZZPlayerView.swift in Sources */ = {isa = PBXBuildFile; fileRef = 970491F91E83AC940032355B /* ZZPlayerView.swift */; };
		9704921F1E83B34F0032355B /* Constraint.swift in Sources */ = {isa = PBXBuildFile; fileRef = 970491FC1E83B34F0032355B /* Constraint.swift */; };
		970492201E83B34F0032355B /* ConstraintAttributes.swift in Sources */ = {isa = PBXBuildFile; fileRef = 970491FD1E83B34F0032355B /* ConstraintAttributes.swift */; };
		970492211E83B34F0032355B /* ConstraintConfig.swift in Sources */ = {isa = PBXBuildFile; fileRef = 970491FE1E83B34F0032355B /* ConstraintConfig.swift */; };
		970492221E83B34F0032355B /* ConstraintConstantTarget.swift in Sources */ = {isa = PBXBuildFile; fileRef = 970491FF1E83B34F0032355B /* ConstraintConstantTarget.swift */; };
		970492231E83B34F0032355B /* ConstraintDescription.swift in Sources */ = {isa = PBXBuildFile; fileRef = 970492001E83B34F0032355B /* ConstraintDescription.swift */; };
		970492241E83B34F0032355B /* ConstraintDSL.swift in Sources */ = {isa = PBXBuildFile; fileRef = 970492011E83B34F0032355B /* ConstraintDSL.swift */; };
		970492251E83B34F0032355B /* ConstraintInsets.swift in Sources */ = {isa = PBXBuildFile; fileRef = 970492021E83B34F0032355B /* ConstraintInsets.swift */; };
		970492261E83B34F0032355B /* ConstraintInsetTarget.swift in Sources */ = {isa = PBXBuildFile; fileRef = 970492031E83B34F0032355B /* ConstraintInsetTarget.swift */; };
		970492271E83B34F0032355B /* ConstraintItem.swift in Sources */ = {isa = PBXBuildFile; fileRef = 970492041E83B34F0032355B /* ConstraintItem.swift */; };
		970492281E83B34F0032355B /* ConstraintLayoutGuide+Extensions.swift in Sources */ = {isa = PBXBuildFile; fileRef = 970492051E83B34F0032355B /* ConstraintLayoutGuide+Extensions.swift */; };
		970492291E83B34F0032355B /* ConstraintLayoutGuide.swift in Sources */ = {isa = PBXBuildFile; fileRef = 970492061E83B34F0032355B /* ConstraintLayoutGuide.swift */; };
		9704922A1E83B34F0032355B /* ConstraintLayoutGuideDSL.swift in Sources */ = {isa = PBXBuildFile; fileRef = 970492071E83B34F0032355B /* ConstraintLayoutGuideDSL.swift */; };
		9704922B1E83B34F0032355B /* ConstraintLayoutSupport.swift in Sources */ = {isa = PBXBuildFile; fileRef = 970492081E83B34F0032355B /* ConstraintLayoutSupport.swift */; };
		9704922C1E83B34F0032355B /* ConstraintLayoutSupportDSL.swift in Sources */ = {isa = PBXBuildFile; fileRef = 970492091E83B34F0032355B /* ConstraintLayoutSupportDSL.swift */; };
		9704922D1E83B34F0032355B /* ConstraintMaker.swift in Sources */ = {isa = PBXBuildFile; fileRef = 9704920A1E83B34F0032355B /* ConstraintMaker.swift */; };
		9704922E1E83B34F0032355B /* ConstraintMakerEditable.swift in Sources */ = {isa = PBXBuildFile; fileRef = 9704920B1E83B34F0032355B /* ConstraintMakerEditable.swift */; };
		9704922F1E83B34F0032355B /* ConstraintMakerExtendable.swift in Sources */ = {isa = PBXBuildFile; fileRef = 9704920C1E83B34F0032355B /* ConstraintMakerExtendable.swift */; };
		970492301E83B34F0032355B /* ConstraintMakerFinalizable.swift in Sources */ = {isa = PBXBuildFile; fileRef = 9704920D1E83B34F0032355B /* ConstraintMakerFinalizable.swift */; };
		970492311E83B34F0032355B /* ConstraintMakerPriortizable.swift in Sources */ = {isa = PBXBuildFile; fileRef = 9704920E1E83B34F0032355B /* ConstraintMakerPriortizable.swift */; };
		970492321E83B34F0032355B /* ConstraintMakerRelatable.swift in Sources */ = {isa = PBXBuildFile; fileRef = 9704920F1E83B34F0032355B /* ConstraintMakerRelatable.swift */; };
		970492331E83B34F0032355B /* ConstraintMultiplierTarget.swift in Sources */ = {isa = PBXBuildFile; fileRef = 970492101E83B34F0032355B /* ConstraintMultiplierTarget.swift */; };
		970492341E83B34F0032355B /* ConstraintOffsetTarget.swift in Sources */ = {isa = PBXBuildFile; fileRef = 970492111E83B34F0032355B /* ConstraintOffsetTarget.swift */; };
		970492351E83B34F0032355B /* ConstraintPriority.swift in Sources */ = {isa = PBXBuildFile; fileRef = 970492121E83B34F0032355B /* ConstraintPriority.swift */; };
		970492361E83B34F0032355B /* ConstraintPriorityTarget.swift in Sources */ = {isa = PBXBuildFile; fileRef = 970492131E83B34F0032355B /* ConstraintPriorityTarget.swift */; };
		970492371E83B34F0032355B /* ConstraintRelatableTarget.swift in Sources */ = {isa = PBXBuildFile; fileRef = 970492141E83B34F0032355B /* ConstraintRelatableTarget.swift */; };
		970492381E83B34F0032355B /* ConstraintRelation.swift in Sources */ = {isa = PBXBuildFile; fileRef = 970492151E83B34F0032355B /* ConstraintRelation.swift */; };
		970492391E83B34F0032355B /* ConstraintView+Extensions.swift in Sources */ = {isa = PBXBuildFile; fileRef = 970492161E83B34F0032355B /* ConstraintView+Extensions.swift */; };
		9704923A1E83B34F0032355B /* ConstraintView.swift in Sources */ = {isa = PBXBuildFile; fileRef = 970492171E83B34F0032355B /* ConstraintView.swift */; };
		9704923B1E83B34F0032355B /* ConstraintViewDSL.swift in Sources */ = {isa = PBXBuildFile; fileRef = 970492181E83B34F0032355B /* ConstraintViewDSL.swift */; };
		9704923C1E83B34F0032355B /* Debugging.swift in Sources */ = {isa = PBXBuildFile; fileRef = 970492191E83B34F0032355B /* Debugging.swift */; };
		9704923E1E83B34F0032355B /* LayoutConstraint.swift in Sources */ = {isa = PBXBuildFile; fileRef = 9704921B1E83B34F0032355B /* LayoutConstraint.swift */; };
		9704923F1E83B34F0032355B /* LayoutConstraintItem.swift in Sources */ = {isa = PBXBuildFile; fileRef = 9704921C1E83B34F0032355B /* LayoutConstraintItem.swift */; };
		970492401E83B34F0032355B /* UILayoutSupport+Extensions.swift in Sources */ = {isa = PBXBuildFile; fileRef = 9704921E1E83B34F0032355B /* UILayoutSupport+Extensions.swift */; };
/* End PBXBuildFile section */

/* Begin PBXFileReference section */
		9704919F1E8395F90032355B /* ZZPlayer.app */ = {isa = PBXFileReference; explicitFileType = wrapper.application; includeInIndex = 0; path = ZZPlayer.app; sourceTree = BUILT_PRODUCTS_DIR; };
		970491A21E8395F90032355B /* AppDelegate.swift */ = {isa = PBXFileReference; lastKnownFileType = sourcecode.swift; path = AppDelegate.swift; sourceTree = "<group>"; };
		970491A41E8395F90032355B /* ViewController.swift */ = {isa = PBXFileReference; lastKnownFileType = sourcecode.swift; path = ViewController.swift; sourceTree = "<group>"; };
		970491A71E8395F90032355B /* Base */ = {isa = PBXFileReference; lastKnownFileType = file.storyboard; name = Base; path = Base.lproj/Main.storyboard; sourceTree = "<group>"; };
		970491A91E8395F90032355B /* Assets.xcassets */ = {isa = PBXFileReference; lastKnownFileType = folder.assetcatalog; path = Assets.xcassets; sourceTree = "<group>"; };
		970491AC1E8395F90032355B /* Base */ = {isa = PBXFileReference; lastKnownFileType = file.storyboard; name = Base; path = Base.lproj/LaunchScreen.storyboard; sourceTree = "<group>"; };
		970491AE1E8395F90032355B /* Info.plist */ = {isa = PBXFileReference; lastKnownFileType = text.plist.xml; path = Info.plist; sourceTree = "<group>"; };
		970491B61E8396800032355B /* ZZButton.swift */ = {isa = PBXFileReference; fileEncoding = 4; lastKnownFileType = sourcecode.swift; path = ZZButton.swift; sourceTree = "<group>"; };
		970491B91E8396800032355B /* Calendar+ZZExtension.swift */ = {isa = PBXFileReference; fileEncoding = 4; lastKnownFileType = sourcecode.swift; path = "Calendar+ZZExtension.swift"; sourceTree = "<group>"; };
		970491BA1E8396800032355B /* CGRect+ZZExtension.swift */ = {isa = PBXFileReference; fileEncoding = 4; lastKnownFileType = sourcecode.swift; path = "CGRect+ZZExtension.swift"; sourceTree = "<group>"; };
		970491BB1E8396800032355B /* Data+ZZExtension.swift */ = {isa = PBXFileReference; fileEncoding = 4; lastKnownFileType = sourcecode.swift; path = "Data+ZZExtension.swift"; sourceTree = "<group>"; };
		970491BC1E8396800032355B /* Date+ZZExtension.swift */ = {isa = PBXFileReference; fileEncoding = 4; lastKnownFileType = sourcecode.swift; path = "Date+ZZExtension.swift"; sourceTree = "<group>"; };
		970491BD1E8396800032355B /* DateFormatter+ZZExtension.swift */ = {isa = PBXFileReference; fileEncoding = 4; lastKnownFileType = sourcecode.swift; path = "DateFormatter+ZZExtension.swift"; sourceTree = "<group>"; };
		970491BE1E8396800032355B /* DispatchQueue+ZZExtension.swift */ = {isa = PBXFileReference; fileEncoding = 4; lastKnownFileType = sourcecode.swift; path = "DispatchQueue+ZZExtension.swift"; sourceTree = "<group>"; };
		970491BF1E8396800032355B /* Locale+ZZExtension.swift */ = {isa = PBXFileReference; fileEncoding = 4; lastKnownFileType = sourcecode.swift; path = "Locale+ZZExtension.swift"; sourceTree = "<group>"; };
		970491C01E8396800032355B /* NSObject+ZZExtension.swift */ = {isa = PBXFileReference; fileEncoding = 4; lastKnownFileType = sourcecode.swift; path = "NSObject+ZZExtension.swift"; sourceTree = "<group>"; };
		970491C11E8396800032355B /* String+ZZExtension.swift */ = {isa = PBXFileReference; fileEncoding = 4; lastKnownFileType = sourcecode.swift; path = "String+ZZExtension.swift"; sourceTree = "<group>"; };
		970491C31E8396800032355B /* UIAlertController+ZZExtension.swift */ = {isa = PBXFileReference; fileEncoding = 4; lastKnownFileType = sourcecode.swift; path = "UIAlertController+ZZExtension.swift"; sourceTree = "<group>"; };
		970491C41E8396800032355B /* UIApplication+ZZExtension.swift */ = {isa = PBXFileReference; fileEncoding = 4; lastKnownFileType = sourcecode.swift; path = "UIApplication+ZZExtension.swift"; sourceTree = "<group>"; };
		970491C51E8396800032355B /* UIButton+ZZExtension.swift */ = {isa = PBXFileReference; fileEncoding = 4; lastKnownFileType = sourcecode.swift; path = "UIButton+ZZExtension.swift"; sourceTree = "<group>"; };
		970491C61E8396800032355B /* UIColor+ZZExtension.swift */ = {isa = PBXFileReference; fileEncoding = 4; lastKnownFileType = sourcecode.swift; path = "UIColor+ZZExtension.swift"; sourceTree = "<group>"; };
		970491C71E8396800032355B /* UIDevice+ZZExtension.swift */ = {isa = PBXFileReference; fileEncoding = 4; lastKnownFileType = sourcecode.swift; path = "UIDevice+ZZExtension.swift"; sourceTree = "<group>"; };
		970491C81E8396800032355B /* UIImage+ZZExtension.swift */ = {isa = PBXFileReference; fileEncoding = 4; lastKnownFileType = sourcecode.swift; path = "UIImage+ZZExtension.swift"; sourceTree = "<group>"; };
		970491C91E8396800032355B /* UIImageView+ZZExtension.swift */ = {isa = PBXFileReference; fileEncoding = 4; lastKnownFileType = sourcecode.swift; path = "UIImageView+ZZExtension.swift"; sourceTree = "<group>"; };
		970491CA1E8396800032355B /* UILabel+ZZExtension.swift */ = {isa = PBXFileReference; fileEncoding = 4; lastKnownFileType = sourcecode.swift; path = "UILabel+ZZExtension.swift"; sourceTree = "<group>"; };
		970491CB1E8396800032355B /* UISceen+ZZExtension.swift */ = {isa = PBXFileReference; fileEncoding = 4; lastKnownFileType = sourcecode.swift; path = "UISceen+ZZExtension.swift"; sourceTree = "<group>"; };
		970491CC1E8396800032355B /* UIScrollView+ZZExtension.swift */ = {isa = PBXFileReference; fileEncoding = 4; lastKnownFileType = sourcecode.swift; path = "UIScrollView+ZZExtension.swift"; sourceTree = "<group>"; };
		970491CD1E8396800032355B /* UITextField+ZZExtension.swift */ = {isa = PBXFileReference; fileEncoding = 4; lastKnownFileType = sourcecode.swift; path = "UITextField+ZZExtension.swift"; sourceTree = "<group>"; };
		970491CE1E8396800032355B /* UIView+ZZExtension.swift */ = {isa = PBXFileReference; fileEncoding = 4; lastKnownFileType = sourcecode.swift; path = "UIView+ZZExtension.swift"; sourceTree = "<group>"; };
		970491F51E83AA620032355B /* ZZPlayer.bundle */ = {isa = PBXFileReference; lastKnownFileType = "wrapper.plug-in"; path = ZZPlayer.bundle; sourceTree = "<group>"; };
		970491F71E83AC7E0032355B /* ZZPlayer.swift */ = {isa = PBXFileReference; fileEncoding = 4; lastKnownFileType = sourcecode.swift; path = ZZPlayer.swift; sourceTree = "<group>"; };
		970491F91E83AC940032355B /* ZZPlayerView.swift */ = {isa = PBXFileReference; fileEncoding = 4; lastKnownFileType = sourcecode.swift; path = ZZPlayerView.swift; sourceTree = "<group>"; };
		970491FC1E83B34F0032355B /* Constraint.swift */ = {isa = PBXFileReference; fileEncoding = 4; lastKnownFileType = sourcecode.swift; path = Constraint.swift; sourceTree = "<group>"; };
		970491FD1E83B34F0032355B /* ConstraintAttributes.swift */ = {isa = PBXFileReference; fileEncoding = 4; lastKnownFileType = sourcecode.swift; path = ConstraintAttributes.swift; sourceTree = "<group>"; };
		970491FE1E83B34F0032355B /* ConstraintConfig.swift */ = {isa = PBXFileReference; fileEncoding = 4; lastKnownFileType = sourcecode.swift; path = ConstraintConfig.swift; sourceTree = "<group>"; };
		970491FF1E83B34F0032355B /* ConstraintConstantTarget.swift */ = {isa = PBXFileReference; fileEncoding = 4; lastKnownFileType = sourcecode.swift; path = ConstraintConstantTarget.swift; sourceTree = "<group>"; };
		970492001E83B34F0032355B /* ConstraintDescription.swift */ = {isa = PBXFileReference; fileEncoding = 4; lastKnownFileType = sourcecode.swift; path = ConstraintDescription.swift; sourceTree = "<group>"; };
		970492011E83B34F0032355B /* ConstraintDSL.swift */ = {isa = PBXFileReference; fileEncoding = 4; lastKnownFileType = sourcecode.swift; path = ConstraintDSL.swift; sourceTree = "<group>"; };
		970492021E83B34F0032355B /* ConstraintInsets.swift */ = {isa = PBXFileReference; fileEncoding = 4; lastKnownFileType = sourcecode.swift; path = ConstraintInsets.swift; sourceTree = "<group>"; };
		970492031E83B34F0032355B /* ConstraintInsetTarget.swift */ = {isa = PBXFileReference; fileEncoding = 4; lastKnownFileType = sourcecode.swift; path = ConstraintInsetTarget.swift; sourceTree = "<group>"; };
		970492041E83B34F0032355B /* ConstraintItem.swift */ = {isa = PBXFileReference; fileEncoding = 4; lastKnownFileType = sourcecode.swift; path = ConstraintItem.swift; sourceTree = "<group>"; };
		970492051E83B34F0032355B /* ConstraintLayoutGuide+Extensions.swift */ = {isa = PBXFileReference; fileEncoding = 4; lastKnownFileType = sourcecode.swift; path = "ConstraintLayoutGuide+Extensions.swift"; sourceTree = "<group>"; };
		970492061E83B34F0032355B /* ConstraintLayoutGuide.swift */ = {isa = PBXFileReference; fileEncoding = 4; lastKnownFileType = sourcecode.swift; path = ConstraintLayoutGuide.swift; sourceTree = "<group>"; };
		970492071E83B34F0032355B /* ConstraintLayoutGuideDSL.swift */ = {isa = PBXFileReference; fileEncoding = 4; lastKnownFileType = sourcecode.swift; path = ConstraintLayoutGuideDSL.swift; sourceTree = "<group>"; };
		970492081E83B34F0032355B /* ConstraintLayoutSupport.swift */ = {isa = PBXFileReference; fileEncoding = 4; lastKnownFileType = sourcecode.swift; path = ConstraintLayoutSupport.swift; sourceTree = "<group>"; };
		970492091E83B34F0032355B /* ConstraintLayoutSupportDSL.swift */ = {isa = PBXFileReference; fileEncoding = 4; lastKnownFileType = sourcecode.swift; path = ConstraintLayoutSupportDSL.swift; sourceTree = "<group>"; };
		9704920A1E83B34F0032355B /* ConstraintMaker.swift */ = {isa = PBXFileReference; fileEncoding = 4; lastKnownFileType = sourcecode.swift; path = ConstraintMaker.swift; sourceTree = "<group>"; };
		9704920B1E83B34F0032355B /* ConstraintMakerEditable.swift */ = {isa = PBXFileReference; fileEncoding = 4; lastKnownFileType = sourcecode.swift; path = ConstraintMakerEditable.swift; sourceTree = "<group>"; };
		9704920C1E83B34F0032355B /* ConstraintMakerExtendable.swift */ = {isa = PBXFileReference; fileEncoding = 4; lastKnownFileType = sourcecode.swift; path = ConstraintMakerExtendable.swift; sourceTree = "<group>"; };
		9704920D1E83B34F0032355B /* ConstraintMakerFinalizable.swift */ = {isa = PBXFileReference; fileEncoding = 4; lastKnownFileType = sourcecode.swift; path = ConstraintMakerFinalizable.swift; sourceTree = "<group>"; };
		9704920E1E83B34F0032355B /* ConstraintMakerPriortizable.swift */ = {isa = PBXFileReference; fileEncoding = 4; lastKnownFileType = sourcecode.swift; path = ConstraintMakerPriortizable.swift; sourceTree = "<group>"; };
		9704920F1E83B34F0032355B /* ConstraintMakerRelatable.swift */ = {isa = PBXFileReference; fileEncoding = 4; lastKnownFileType = sourcecode.swift; path = ConstraintMakerRelatable.swift; sourceTree = "<group>"; };
		970492101E83B34F0032355B /* ConstraintMultiplierTarget.swift */ = {isa = PBXFileReference; fileEncoding = 4; lastKnownFileType = sourcecode.swift; path = ConstraintMultiplierTarget.swift; sourceTree = "<group>"; };
		970492111E83B34F0032355B /* ConstraintOffsetTarget.swift */ = {isa = PBXFileReference; fileEncoding = 4; lastKnownFileType = sourcecode.swift; path = ConstraintOffsetTarget.swift; sourceTree = "<group>"; };
		970492121E83B34F0032355B /* ConstraintPriority.swift */ = {isa = PBXFileReference; fileEncoding = 4; lastKnownFileType = sourcecode.swift; path = ConstraintPriority.swift; sourceTree = "<group>"; };
		970492131E83B34F0032355B /* ConstraintPriorityTarget.swift */ = {isa = PBXFileReference; fileEncoding = 4; lastKnownFileType = sourcecode.swift; path = ConstraintPriorityTarget.swift; sourceTree = "<group>"; };
		970492141E83B34F0032355B /* ConstraintRelatableTarget.swift */ = {isa = PBXFileReference; fileEncoding = 4; lastKnownFileType = sourcecode.swift; path = ConstraintRelatableTarget.swift; sourceTree = "<group>"; };
		970492151E83B34F0032355B /* ConstraintRelation.swift */ = {isa = PBXFileReference; fileEncoding = 4; lastKnownFileType = sourcecode.swift; path = ConstraintRelation.swift; sourceTree = "<group>"; };
		970492161E83B34F0032355B /* ConstraintView+Extensions.swift */ = {isa = PBXFileReference; fileEncoding = 4; lastKnownFileType = sourcecode.swift; path = "ConstraintView+Extensions.swift"; sourceTree = "<group>"; };
		970492171E83B34F0032355B /* ConstraintView.swift */ = {isa = PBXFileReference; fileEncoding = 4; lastKnownFileType = sourcecode.swift; path = ConstraintView.swift; sourceTree = "<group>"; };
		970492181E83B34F0032355B /* ConstraintViewDSL.swift */ = {isa = PBXFileReference; fileEncoding = 4; lastKnownFileType = sourcecode.swift; path = ConstraintViewDSL.swift; sourceTree = "<group>"; };
		970492191E83B34F0032355B /* Debugging.swift */ = {isa = PBXFileReference; fileEncoding = 4; lastKnownFileType = sourcecode.swift; path = Debugging.swift; sourceTree = "<group>"; };
		9704921B1E83B34F0032355B /* LayoutConstraint.swift */ = {isa = PBXFileReference; fileEncoding = 4; lastKnownFileType = sourcecode.swift; path = LayoutConstraint.swift; sourceTree = "<group>"; };
		9704921C1E83B34F0032355B /* LayoutConstraintItem.swift */ = {isa = PBXFileReference; fileEncoding = 4; lastKnownFileType = sourcecode.swift; path = LayoutConstraintItem.swift; sourceTree = "<group>"; };
		9704921E1E83B34F0032355B /* UILayoutSupport+Extensions.swift */ = {isa = PBXFileReference; fileEncoding = 4; lastKnownFileType = sourcecode.swift; path = "UILayoutSupport+Extensions.swift"; sourceTree = "<group>"; };
/* End PBXFileReference section */

/* Begin PBXFrameworksBuildPhase section */
		9704919C1E8395F90032355B /* Frameworks */ = {
			isa = PBXFrameworksBuildPhase;
			buildActionMask = 2147483647;
			files = (
			);
			runOnlyForDeploymentPostprocessing = 0;
		};
/* End PBXFrameworksBuildPhase section */

/* Begin PBXGroup section */
		970491961E8395F90032355B = {
			isa = PBXGroup;
			children = (
				970491A11E8395F90032355B /* ZZPlayer */,
				970491A01E8395F90032355B /* Products */,
			);
			sourceTree = "<group>";
		};
		970491A01E8395F90032355B /* Products */ = {
			isa = PBXGroup;
			children = (
				9704919F1E8395F90032355B /* ZZPlayer.app */,
			);
			name = Products;
			sourceTree = "<group>";
		};
		970491A11E8395F90032355B /* ZZPlayer */ = {
			isa = PBXGroup;
			children = (
				970491FB1E83B34F0032355B /* Source */,
				970491E61E8396AD0032355B /* ZZPlayer */,
				970491B41E8396800032355B /* ZZLib */,
				970491A21E8395F90032355B /* AppDelegate.swift */,
				970491A41E8395F90032355B /* ViewController.swift */,
				970491A61E8395F90032355B /* Main.storyboard */,
				970491A91E8395F90032355B /* Assets.xcassets */,
				970491AB1E8395F90032355B /* LaunchScreen.storyboard */,
				970491AE1E8395F90032355B /* Info.plist */,
			);
			path = ZZPlayer;
			sourceTree = "<group>";
		};
		970491B41E8396800032355B /* ZZLib */ = {
			isa = PBXGroup;
			children = (
				970491B51E8396800032355B /* ZZCustom */,
				970491B71E8396800032355B /* ZZExtension */,
			);
			path = ZZLib;
			sourceTree = "<group>";
		};
		970491B51E8396800032355B /* ZZCustom */ = {
			isa = PBXGroup;
			children = (
				970491B61E8396800032355B /* ZZButton.swift */,
			);
			path = ZZCustom;
			sourceTree = "<group>";
		};
		970491B71E8396800032355B /* ZZExtension */ = {
			isa = PBXGroup;
			children = (
				970491B81E8396800032355B /* ZZNSExtension */,
				970491C21E8396800032355B /* ZZUIExtension */,
			);
			path = ZZExtension;
			sourceTree = "<group>";
		};
		970491B81E8396800032355B /* ZZNSExtension */ = {
			isa = PBXGroup;
			children = (
				970491B91E8396800032355B /* Calendar+ZZExtension.swift */,
				970491BA1E8396800032355B /* CGRect+ZZExtension.swift */,
				970491BB1E8396800032355B /* Data+ZZExtension.swift */,
				970491BC1E8396800032355B /* Date+ZZExtension.swift */,
				970491BD1E8396800032355B /* DateFormatter+ZZExtension.swift */,
				970491BE1E8396800032355B /* DispatchQueue+ZZExtension.swift */,
				970491BF1E8396800032355B /* Locale+ZZExtension.swift */,
				970491C01E8396800032355B /* NSObject+ZZExtension.swift */,
				970491C11E8396800032355B /* String+ZZExtension.swift */,
			);
			path = ZZNSExtension;
			sourceTree = "<group>";
		};
		970491C21E8396800032355B /* ZZUIExtension */ = {
			isa = PBXGroup;
			children = (
				970491C31E8396800032355B /* UIAlertController+ZZExtension.swift */,
				970491C41E8396800032355B /* UIApplication+ZZExtension.swift */,
				970491C51E8396800032355B /* UIButton+ZZExtension.swift */,
				970491C61E8396800032355B /* UIColor+ZZExtension.swift */,
				970491C71E8396800032355B /* UIDevice+ZZExtension.swift */,
				970491C81E8396800032355B /* UIImage+ZZExtension.swift */,
				970491C91E8396800032355B /* UIImageView+ZZExtension.swift */,
				970491CA1E8396800032355B /* UILabel+ZZExtension.swift */,
				970491CB1E8396800032355B /* UISceen+ZZExtension.swift */,
				970491CC1E8396800032355B /* UIScrollView+ZZExtension.swift */,
				970491CD1E8396800032355B /* UITextField+ZZExtension.swift */,
				970491CE1E8396800032355B /* UIView+ZZExtension.swift */,
			);
			path = ZZUIExtension;
			sourceTree = "<group>";
		};
		970491E61E8396AD0032355B /* ZZPlayer */ = {
			isa = PBXGroup;
			children = (
				970491F51E83AA620032355B /* ZZPlayer.bundle */,
				970491F71E83AC7E0032355B /* ZZPlayer.swift */,
				970491F91E83AC940032355B /* ZZPlayerView.swift */,
			);
			path = ZZPlayer;
			sourceTree = "<group>";
		};
		970491FB1E83B34F0032355B /* Source */ = {
			isa = PBXGroup;
			children = (
				970491FC1E83B34F0032355B /* Constraint.swift */,
				970491FD1E83B34F0032355B /* ConstraintAttributes.swift */,
				970491FE1E83B34F0032355B /* ConstraintConfig.swift */,
				970491FF1E83B34F0032355B /* ConstraintConstantTarget.swift */,
				970492001E83B34F0032355B /* ConstraintDescription.swift */,
				970492011E83B34F0032355B /* ConstraintDSL.swift */,
				970492021E83B34F0032355B /* ConstraintInsets.swift */,
				970492031E83B34F0032355B /* ConstraintInsetTarget.swift */,
				970492041E83B34F0032355B /* ConstraintItem.swift */,
				970492051E83B34F0032355B /* ConstraintLayoutGuide+Extensions.swift */,
				970492061E83B34F0032355B /* ConstraintLayoutGuide.swift */,
				970492071E83B34F0032355B /* ConstraintLayoutGuideDSL.swift */,
				970492081E83B34F0032355B /* ConstraintLayoutSupport.swift */,
				970492091E83B34F0032355B /* ConstraintLayoutSupportDSL.swift */,
				9704920A1E83B34F0032355B /* ConstraintMaker.swift */,
				9704920B1E83B34F0032355B /* ConstraintMakerEditable.swift */,
				9704920C1E83B34F0032355B /* ConstraintMakerExtendable.swift */,
				9704920D1E83B34F0032355B /* ConstraintMakerFinalizable.swift */,
				9704920E1E83B34F0032355B /* ConstraintMakerPriortizable.swift */,
				9704920F1E83B34F0032355B /* ConstraintMakerRelatable.swift */,
				970492101E83B34F0032355B /* ConstraintMultiplierTarget.swift */,
				970492111E83B34F0032355B /* ConstraintOffsetTarget.swift */,
				970492121E83B34F0032355B /* ConstraintPriority.swift */,
				970492131E83B34F0032355B /* ConstraintPriorityTarget.swift */,
				970492141E83B34F0032355B /* ConstraintRelatableTarget.swift */,
				970492151E83B34F0032355B /* ConstraintRelation.swift */,
				970492161E83B34F0032355B /* ConstraintView+Extensions.swift */,
				970492171E83B34F0032355B /* ConstraintView.swift */,
				970492181E83B34F0032355B /* ConstraintViewDSL.swift */,
				970492191E83B34F0032355B /* Debugging.swift */,
				9704921B1E83B34F0032355B /* LayoutConstraint.swift */,
				9704921C1E83B34F0032355B /* LayoutConstraintItem.swift */,
				9704921E1E83B34F0032355B /* UILayoutSupport+Extensions.swift */,
			);
			path = Source;
			sourceTree = "<group>";
		};
/* End PBXGroup section */

/* Begin PBXNativeTarget section */
		9704919E1E8395F90032355B /* ZZPlayer */ = {
			isa = PBXNativeTarget;
			buildConfigurationList = 970491B11E8395F90032355B /* Build configuration list for PBXNativeTarget "ZZPlayer" */;
			buildPhases = (
				9704919B1E8395F90032355B /* Sources */,
				9704919C1E8395F90032355B /* Frameworks */,
				9704919D1E8395F90032355B /* Resources */,
			);
			buildRules = (
			);
			dependencies = (
			);
			name = ZZPlayer;
			productName = ZZPlayer;
			productReference = 9704919F1E8395F90032355B /* ZZPlayer.app */;
			productType = "com.apple.product-type.application";
		};
/* End PBXNativeTarget section */

/* Begin PBXProject section */
		970491971E8395F90032355B /* Project object */ = {
			isa = PBXProject;
			attributes = {
				LastSwiftUpdateCheck = 0800;
				LastUpgradeCheck = 0800;
				ORGANIZATIONNAME = lixiangzhou;
				TargetAttributes = {
					9704919E1E8395F90032355B = {
						CreatedOnToolsVersion = 8.0;
						DevelopmentTeam = N33WL6ABHF;
						ProvisioningStyle = Automatic;
					};
				};
			};
			buildConfigurationList = 9704919A1E8395F90032355B /* Build configuration list for PBXProject "ZZPlayer" */;
			compatibilityVersion = "Xcode 3.2";
			developmentRegion = English;
			hasScannedForEncodings = 0;
			knownRegions = (
				en,
				Base,
			);
			mainGroup = 970491961E8395F90032355B;
			productRefGroup = 970491A01E8395F90032355B /* Products */;
			projectDirPath = "";
			projectRoot = "";
			targets = (
				9704919E1E8395F90032355B /* ZZPlayer */,
			);
		};
/* End PBXProject section */

/* Begin PBXResourcesBuildPhase section */
		9704919D1E8395F90032355B /* Resources */ = {
			isa = PBXResourcesBuildPhase;
			buildActionMask = 2147483647;
			files = (
				970491AD1E8395F90032355B /* LaunchScreen.storyboard in Resources */,
				970491AA1E8395F90032355B /* Assets.xcassets in Resources */,
				970491F61E83AA620032355B /* ZZPlayer.bundle in Resources */,
				970491A81E8395F90032355B /* Main.storyboard in Resources */,
			);
			runOnlyForDeploymentPostprocessing = 0;
		};
/* End PBXResourcesBuildPhase section */

/* Begin PBXSourcesBuildPhase section */
		9704919B1E8395F90032355B /* Sources */ = {
			isa = PBXSourcesBuildPhase;
			buildActionMask = 2147483647;
			files = (
				970491E41E8396800032355B /* UIView+ZZExtension.swift in Sources */,
				970492371E83B34F0032355B /* ConstraintRelatableTarget.swift in Sources */,
				970491D41E8396800032355B /* DateFormatter+ZZExtension.swift in Sources */,
				970492291E83B34F0032355B /* ConstraintLayoutGuide.swift in Sources */,
				970491D91E8396800032355B /* UIAlertController+ZZExtension.swift in Sources */,
				9704923E1E83B34F0032355B /* LayoutConstraint.swift in Sources */,
				9704922C1E83B34F0032355B /* ConstraintLayoutSupportDSL.swift in Sources */,
				970491E01E8396800032355B /* UILabel+ZZExtension.swift in Sources */,
				970491A51E8395F90032355B /* ViewController.swift in Sources */,
				9704922F1E83B34F0032355B /* ConstraintMakerExtendable.swift in Sources */,
				9704922D1E83B34F0032355B /* ConstraintMaker.swift in Sources */,
				970492331E83B34F0032355B /* ConstraintMultiplierTarget.swift in Sources */,
				970492401E83B34F0032355B /* UILayoutSupport+Extensions.swift in Sources */,
				970492341E83B34F0032355B /* ConstraintOffsetTarget.swift in Sources */,
				970491CF1E8396800032355B /* ZZButton.swift in Sources */,
				970491A31E8395F90032355B /* AppDelegate.swift in Sources */,
				970491D51E8396800032355B /* DispatchQueue+ZZExtension.swift in Sources */,
				970491D21E8396800032355B /* Data+ZZExtension.swift in Sources */,
				970492201E83B34F0032355B /* ConstraintAttributes.swift in Sources */,
				970492311E83B34F0032355B /* ConstraintMakerPriortizable.swift in Sources */,
				970492361E83B34F0032355B /* ConstraintPriorityTarget.swift in Sources */,
				970492211E83B34F0032355B /* ConstraintConfig.swift in Sources */,
				970491D81E8396800032355B /* String+ZZExtension.swift in Sources */,
				9704923B1E83B34F0032355B /* ConstraintViewDSL.swift in Sources */,
				9704923C1E83B34F0032355B /* Debugging.swift in Sources */,
				970491DB1E8396800032355B /* UIButton+ZZExtension.swift in Sources */,
				970492261E83B34F0032355B /* ConstraintInsetTarget.swift in Sources */,
				970492271E83B34F0032355B /* ConstraintItem.swift in Sources */,
				970491D11E8396800032355B /* CGRect+ZZExtension.swift in Sources */,
				970491E11E8396800032355B /* UISceen+ZZExtension.swift in Sources */,
				970491DD1E8396800032355B /* UIDevice+ZZExtension.swift in Sources */,
				9704923A1E83B34F0032355B /* ConstraintView.swift in Sources */,
				9704922E1E83B34F0032355B /* ConstraintMakerEditable.swift in Sources */,
				9704922B1E83B34F0032355B /* ConstraintLayoutSupport.swift in Sources */,
				970491D71E8396800032355B /* NSObject+ZZExtension.swift in Sources */,
				970491D01E8396800032355B /* Calendar+ZZExtension.swift in Sources */,
				970492301E83B34F0032355B /* ConstraintMakerFinalizable.swift in Sources */,
				970492321E83B34F0032355B /* ConstraintMakerRelatable.swift in Sources */,
				970491D31E8396800032355B /* Date+ZZExtension.swift in Sources */,
				970491FA1E83AC940032355B /* ZZPlayerView.swift in Sources */,
				9704921F1E83B34F0032355B /* Constraint.swift in Sources */,
				970491DC1E8396800032355B /* UIColor+ZZExtension.swift in Sources */,
				970492241E83B34F0032355B /* ConstraintDSL.swift in Sources */,
				970492391E83B34F0032355B /* ConstraintView+Extensions.swift in Sources */,
				970492281E83B34F0032355B /* ConstraintLayoutGuide+Extensions.swift in Sources */,
				970491E31E8396800032355B /* UITextField+ZZExtension.swift in Sources */,
				970491E21E8396800032355B /* UIScrollView+ZZExtension.swift in Sources */,
				970491F81E83AC7E0032355B /* ZZPlayer.swift in Sources */,
				970491DE1E8396800032355B /* UIImage+ZZExtension.swift in Sources */,
				970492251E83B34F0032355B /* ConstraintInsets.swift in Sources */,
				970492231E83B34F0032355B /* ConstraintDescription.swift in Sources */,
				970492351E83B34F0032355B /* ConstraintPriority.swift in Sources */,
				9704923F1E83B34F0032355B /* LayoutConstraintItem.swift in Sources */,
				9704922A1E83B34F0032355B /* ConstraintLayoutGuideDSL.swift in Sources */,
				970491DF1E8396800032355B /* UIImageView+ZZExtension.swift in Sources */,
				970492221E83B34F0032355B /* ConstraintConstantTarget.swift in Sources */,
				970491DA1E8396800032355B /* UIApplication+ZZExtension.swift in Sources */,
				970492381E83B34F0032355B /* ConstraintRelation.swift in Sources */,
				970491D61E8396800032355B /* Locale+ZZExtension.swift in Sources */,
			);
			runOnlyForDeploymentPostprocessing = 0;
		};
/* End PBXSourcesBuildPhase section */

/* Begin PBXVariantGroup section */
		970491A61E8395F90032355B /* Main.storyboard */ = {
			isa = PBXVariantGroup;
			children = (
				970491A71E8395F90032355B /* Base */,
			);
			name = Main.storyboard;
			sourceTree = "<group>";
		};
		970491AB1E8395F90032355B /* LaunchScreen.storyboard */ = {
			isa = PBXVariantGroup;
			children = (
				970491AC1E8395F90032355B /* Base */,
			);
			name = LaunchScreen.storyboard;
			sourceTree = "<group>";
		};
/* End PBXVariantGroup section */

/* Begin XCBuildConfiguration section */
		970491AF1E8395F90032355B /* Debug */ = {
			isa = XCBuildConfiguration;
			buildSettings = {
				ALWAYS_SEARCH_USER_PATHS = NO;
				CLANG_ANALYZER_NONNULL = YES;
				CLANG_CXX_LANGUAGE_STANDARD = "gnu++0x";
				CLANG_CXX_LIBRARY = "libc++";
				CLANG_ENABLE_MODULES = YES;
				CLANG_ENABLE_OBJC_ARC = YES;
				CLANG_WARN_BOOL_CONVERSION = YES;
				CLANG_WARN_CONSTANT_CONVERSION = YES;
				CLANG_WARN_DIRECT_OBJC_ISA_USAGE = YES_ERROR;
				CLANG_WARN_DOCUMENTATION_COMMENTS = YES;
				CLANG_WARN_EMPTY_BODY = YES;
				CLANG_WARN_ENUM_CONVERSION = YES;
				CLANG_WARN_INFINITE_RECURSION = YES;
				CLANG_WARN_INT_CONVERSION = YES;
				CLANG_WARN_OBJC_ROOT_CLASS = YES_ERROR;
				CLANG_WARN_SUSPICIOUS_MOVES = YES;
				CLANG_WARN_UNREACHABLE_CODE = YES;
				CLANG_WARN__DUPLICATE_METHOD_MATCH = YES;
				"CODE_SIGN_IDENTITY[sdk=iphoneos*]" = "iPhone Developer";
				COPY_PHASE_STRIP = NO;
				DEBUG_INFORMATION_FORMAT = dwarf;
				ENABLE_STRICT_OBJC_MSGSEND = YES;
				ENABLE_TESTABILITY = YES;
				GCC_C_LANGUAGE_STANDARD = gnu99;
				GCC_DYNAMIC_NO_PIC = NO;
				GCC_NO_COMMON_BLOCKS = YES;
				GCC_OPTIMIZATION_LEVEL = 0;
				GCC_PREPROCESSOR_DEFINITIONS = (
					"DEBUG=1",
					"$(inherited)",
				);
				GCC_WARN_64_TO_32_BIT_CONVERSION = YES;
				GCC_WARN_ABOUT_RETURN_TYPE = YES_ERROR;
				GCC_WARN_UNDECLARED_SELECTOR = YES;
				GCC_WARN_UNINITIALIZED_AUTOS = YES_AGGRESSIVE;
				GCC_WARN_UNUSED_FUNCTION = YES;
				GCC_WARN_UNUSED_VARIABLE = YES;
				IPHONEOS_DEPLOYMENT_TARGET = 10.0;
				MTL_ENABLE_DEBUG_INFO = YES;
				ONLY_ACTIVE_ARCH = YES;
				SDKROOT = iphoneos;
				SWIFT_ACTIVE_COMPILATION_CONDITIONS = DEBUG;
				SWIFT_OPTIMIZATION_LEVEL = "-Onone";
				TARGETED_DEVICE_FAMILY = "1,2";
			};
			name = Debug;
		};
		970491B01E8395F90032355B /* Release */ = {
			isa = XCBuildConfiguration;
			buildSettings = {
				ALWAYS_SEARCH_USER_PATHS = NO;
				CLANG_ANALYZER_NONNULL = YES;
				CLANG_CXX_LANGUAGE_STANDARD = "gnu++0x";
				CLANG_CXX_LIBRARY = "libc++";
				CLANG_ENABLE_MODULES = YES;
				CLANG_ENABLE_OBJC_ARC = YES;
				CLANG_WARN_BOOL_CONVERSION = YES;
				CLANG_WARN_CONSTANT_CONVERSION = YES;
				CLANG_WARN_DIRECT_OBJC_ISA_USAGE = YES_ERROR;
				CLANG_WARN_DOCUMENTATION_COMMENTS = YES;
				CLANG_WARN_EMPTY_BODY = YES;
				CLANG_WARN_ENUM_CONVERSION = YES;
				CLANG_WARN_INFINITE_RECURSION = YES;
				CLANG_WARN_INT_CONVERSION = YES;
				CLANG_WARN_OBJC_ROOT_CLASS = YES_ERROR;
				CLANG_WARN_SUSPICIOUS_MOVES = YES;
				CLANG_WARN_UNREACHABLE_CODE = YES;
				CLANG_WARN__DUPLICATE_METHOD_MATCH = YES;
				"CODE_SIGN_IDENTITY[sdk=iphoneos*]" = "iPhone Developer";
				COPY_PHASE_STRIP = NO;
				DEBUG_INFORMATION_FORMAT = "dwarf-with-dsym";
				ENABLE_NS_ASSERTIONS = NO;
				ENABLE_STRICT_OBJC_MSGSEND = YES;
				GCC_C_LANGUAGE_STANDARD = gnu99;
				GCC_NO_COMMON_BLOCKS = YES;
				GCC_WARN_64_TO_32_BIT_CONVERSION = YES;
				GCC_WARN_ABOUT_RETURN_TYPE = YES_ERROR;
				GCC_WARN_UNDECLARED_SELECTOR = YES;
				GCC_WARN_UNINITIALIZED_AUTOS = YES_AGGRESSIVE;
				GCC_WARN_UNUSED_FUNCTION = YES;
				GCC_WARN_UNUSED_VARIABLE = YES;
				IPHONEOS_DEPLOYMENT_TARGET = 10.0;
				MTL_ENABLE_DEBUG_INFO = NO;
				SDKROOT = iphoneos;
				SWIFT_OPTIMIZATION_LEVEL = "-Owholemodule";
				TARGETED_DEVICE_FAMILY = "1,2";
				VALIDATE_PRODUCT = YES;
			};
			name = Release;
		};
		970491B21E8395F90032355B /* Debug */ = {
			isa = XCBuildConfiguration;
			buildSettings = {
				ASSETCATALOG_COMPILER_APPICON_NAME = AppIcon;
				DEVELOPMENT_TEAM = N33WL6ABHF;
				INFOPLIST_FILE = ZZPlayer/Info.plist;
				LD_RUNPATH_SEARCH_PATHS = "$(inherited) @executable_path/Frameworks";
				PRODUCT_BUNDLE_IDENTIFIER = com.zz.ZZPlayer;
				PRODUCT_NAME = "$(TARGET_NAME)";
				SWIFT_VERSION = 3.0;
			};
			name = Debug;
		};
		970491B31E8395F90032355B /* Release */ = {
			isa = XCBuildConfiguration;
			buildSettings = {
				ASSETCATALOG_COMPILER_APPICON_NAME = AppIcon;
				DEVELOPMENT_TEAM = N33WL6ABHF;
				INFOPLIST_FILE = ZZPlayer/Info.plist;
				LD_RUNPATH_SEARCH_PATHS = "$(inherited) @executable_path/Frameworks";
				PRODUCT_BUNDLE_IDENTIFIER = com.zz.ZZPlayer;
				PRODUCT_NAME = "$(TARGET_NAME)";
				SWIFT_VERSION = 3.0;
			};
			name = Release;
		};
/* End XCBuildConfiguration section */

/* Begin XCConfigurationList section */
		9704919A1E8395F90032355B /* Build configuration list for PBXProject "ZZPlayer" */ = {
			isa = XCConfigurationList;
			buildConfigurations = (
				970491AF1E8395F90032355B /* Debug */,
				970491B01E8395F90032355B /* Release */,
			);
			defaultConfigurationIsVisible = 0;
			defaultConfigurationName = Release;
		};
		970491B11E8395F90032355B /* Build configuration list for PBXNativeTarget "ZZPlayer" */ = {
			isa = XCConfigurationList;
			buildConfigurations = (
				970491B21E8395F90032355B /* Debug */,
				970491B31E8395F90032355B /* Release */,
			);
			defaultConfigurationIsVisible = 0;
		};
/* End XCConfigurationList section */
	};
	rootObject = 970491971E8395F90032355B /* Project object */;
}
